
Microsoft Visual Studio Solution File, Format Version 12.00
# Visual Studio Version 16
VisualStudioVersion = 16.0.31624.102
MinimumVisualStudioVersion = 10.0.40219.1
Project("{FAE04EC0-301F-11D3-BF4B-00C04F79EFBC}") = "RecipeSystemKeremGokgoz", "RecipeSystemKeremGokgoz\RecipeSystemKeremGokgoz.csproj", "{0A0E95B7-1089-4FCC-986C-8367EA8C4BA7}"
EndProject
Global
	GlobalSection(SolutionConfigurationPlatforms) = preSolution
		Debug|Any CPU = Debug|Any CPU
		Release|Any CPU = Release|Any CPU
	EndGlobalSection
	GlobalSection(ProjectConfigurationPlatforms) = postSolution
		{0A0E95B7-1089-4FCC-986C-8367EA8C4BA7}.Debug|Any CPU.ActiveCfg = Debug|Any CPU
		{0A0E95B7-1089-4FCC-986C-8367EA8C4BA7}.Debug|Any CPU.Build.0 = Debug|Any CPU
		{0A0E95B7-1089-4FCC-986C-8367EA8C4BA7}.Release|Any CPU.ActiveCfg = Release|Any CPU
		{0A0E95B7-1089-4FCC-986C-8367EA8C4BA7}.Release|Any CPU.Build.0 = Release|Any CPU
	EndGlobalSection
	GlobalSection(SolutionProperties) = preSolution
		HideSolutionNode = FALSE
	EndGlobalSection
	GlobalSection(ExtensibilityGlobals) = postSolution
		SolutionGuid = {236896E1-13C6-45B1-A9AB-17E7551FDD4D}
	EndGlobalSection
EndGlobal
